<?xml version="1.0" encoding="utf-8"?>
<Project ToolsVersion="4.0" xmlns="http://schemas.microsoft.com/developer/msbuild/2003">
  <ItemGroup>
    <Filter Include="Source Files">
      <UniqueIdentifier>{4FC737F1-C7A5-4376-A066-2A32D752A2FF}</UniqueIdentifier>
      <Extensions>cpp;c;cc;cxx;def;odl;idl;hpj;bat;asm;asmx</Extensions>
    </Filter>
    <Filter Include="Header Files">
      <UniqueIdentifier>{93995380-89BD-4b04-88EB-625FBE52EBFB}</UniqueIdentifier>
      <Extensions>h;hh;hpp;hxx;hm;inl;inc;ipp;xsd</Extensions>
    </Filter>
    <Filter Include="Resource Files">
      <UniqueIdentifier>{67DA6AB6-F800-4c08-8B7A-83BB121AAD01}</UniqueIdentifier>
      <Extensions>rc;ico;cur;bmp;dlg;rc2;rct;bin;rgs;gif;jpg;jpeg;jpe;resx;tiff;tif;png;wav;mfcribbon-ms</Extensions>
    </Filter>
    <Filter Include="Header Files\Primitives">
      <UniqueIdentifier>{18e9eaea-6e76-4cc1-abc0-762c358b1596}</UniqueIdentifier>
    </Filter>
    <Filter Include="shaders">
      <UniqueIdentifier>{e2ed8630-33f0-464b-a957-b288b301309f}</UniqueIdentifier>
    </Filter>
  </ItemGroup>
  <ItemGroup>
    <ClCompile Include="Mainer.cpp">
      <Filter>Source Files</Filter>
    </ClCompile>
    <ClCompile Include="MeGLWindow.cpp">
      <Filter>Source Files</Filter>
    </ClCompile>
    <ClCompile Include="MeShaderCode.cpp">
      <Filter>Source Files</Filter>
    </ClCompile>
    <ClCompile Include="ShapeGenerator.cpp">
      <Filter>Source Files</Filter>
    </ClCompile>
    <ClCompile Include="MeWidget.cpp">
      <Filter>Source Files</Filter>
    </ClCompile>
    <ClCompile Include="MeCamera.cpp">
      <Filter>Source Files</Filter>
    </ClCompile>
  </ItemGroup>
  <ItemGroup>
    <ClInclude Include="MeGLWindow.h">
      <Filter>Header Files</Filter>
    </ClInclude>
    <ClInclude Include="vertex.h">
      <Filter>Header Files\Primitives</Filter>
    </ClInclude>
    <ClInclude Include="ShapeData.h">
      <Filter>Header Files\Primitives</Filter>
    </ClInclude>
    <ClInclude Include="ShapeGenerator.h">
      <Filter>Header Files</Filter>
    </ClInclude>
    <ClInclude Include="MeWidget.h">
      <Filter>Header Files</Filter>
    </ClInclude>
    <ClInclude Include="MeCamera.h">
      <Filter>Header Files</Filter>
    </ClInclude>
  </ItemGroup>
  <ItemGroup>
    <None Include="texture\Mans_Outside_Env.hdr">
      <Filter>Resource Files</Filter>
    </None>
    <None Include="texture\Newport_Loft_Ref.hdr">
      <Filter>Resource Files</Filter>
    </None>
    <None Include="EquTanToCubeFragmentShader.glsl">
      <Filter>shaders</Filter>
    </None>
    <None Include="EquTanToCubeVertexShader.glsl">
      <Filter>shaders</Filter>
    </None>
    <None Include="FragmentShaderCode.glsl">
      <Filter>shaders</Filter>
    </None>
    <None Include="PBR_fragmentShader.glsl">
      <Filter>shaders</Filter>
    </None>
    <None Include="WhitePlaneVertexShader.glsl">
      <Filter>shaders</Filter>
    </None>
    <None Include="WhitePlaneFragmentShader.glsl">
      <Filter>shaders</Filter>
    </None>
    <None Include="vertexShaderCode.glsl">
      <Filter>shaders</Filter>
    </None>
    <None Include="PBR_vertexShader.glsl">
      <Filter>shaders</Filter>
    </None>
    <None Include="shaders\skyboxVertexShader.glsl">
      <Filter>shaders</Filter>
    </None>
    <None Include="shaders\skyboxFragmentShader.glsl">
      <Filter>shaders</Filter>
    </None>
    <None Include="texture\03-Ueno-Shrine_3k.hdr">
      <Filter>Resource Files</Filter>
    </None>
    <None Include="irradiance_convolution_FragmentShader.glsl">
      <Filter>shaders</Filter>
    </None>
    <None Include="texture\Road_to_MonumentValley_Ref.hdr">
      <Filter>Resource Files</Filter>
    </None>
    <None Include="preFilterConvolutionFragmentShader.glsl">
      <Filter>shaders</Filter>
    </None>
    <None Include="preFilterConvolutionVertexShader.glsl">
      <Filter>shaders</Filter>
    </None>
    <None Include="preComputeBRDFfragmentShader.glsl">
      <Filter>shaders</Filter>
    </None>
    <None Include="preComputerBRDFvertexShader.glsl">
      <Filter>shaders</Filter>
    </None>
  </ItemGroup>
  <ItemGroup>
    <Image Include="texture\Checker">
      <Filter>Resource Files</Filter>
    </Image>
    <Image Include="texture\ColorChecker.png">
      <Filter>Resource Files</Filter>
    </Image>
    <Image Include="texture\fireSprite.png">
      <Filter>Resource Files</Filter>
    </Image>
    <Image Include="texture\normalOcean.png">
      <Filter>Resource Files</Filter>
    </Image>
    <Image Include="texture\Displacement.png">
      <Filter>Resource Files</Filter>
    </Image>
    <Image Include="texture\displacement_origin.png">
      <Filter>Resource Files</Filter>
    </Image>
    <Image Include="texture\rustediron2_ao.png">
      <Filter>Resource Files</Filter>
    </Image>
    <Image Include="texture\rustediron2_basecolor.png">
      <Filter>Resource Files</Filter>
    </Image>
    <Image Include="texture\rustediron2_metallic.png">
      <Filter>Resource Files</Filter>
    </Image>
    <Image Include="texture\rustediron2_normal.png">
      <Filter>Resource Files</Filter>
    </Image>
    <Image Include="texture\rustediron2_roughness.png">
      <Filter>Resource Files</Filter>
    </Image>
    <Image Include="texture\Cobblestone1_albedo.png">
      <Filter>Resource Files</Filter>
    </Image>
    <Image Include="texture\Cobblestone1_ao.png">
      <Filter>Resource Files</Filter>
    </Image>
    <Image Include="texture\Cobblestone1_displacement.png">
      <Filter>Resource Files</Filter>
    </Image>
    <Image Include="texture\Cobblestone1_Normal.png">
      <Filter>Resource Files</Filter>
    </Image>
    <Image Include="texture\Cobblestone1_roughness.png">
      <Filter>Resource Files</Filter>
    </Image>
    <Image Include="texture\normalMap.png">
      <Filter>Resource Files</Filter>
    </Image>
    <Image Include="texture\TexturesCom_Wood_Rough_1K_roughness.png">
      <Filter>Resource Files</Filter>
    </Image>
    <Image Include="texture\TexturesCom_Wood_Rough_1K_normal.png">
      <Filter>Resource Files</Filter>
    </Image>
    <Image Include="texture\TexturesCom_Wood_Rough_1K_height.png">
      <Filter>Resource Files</Filter>
    </Image>
    <Image Include="texture\TexturesCom_Wood_Rough_1K_ao.png">
      <Filter>Resource Files</Filter>
    </Image>
    <Image Include="texture\TexturesCom_Wood_Rough_1K_albedo.png">
      <Filter>Resource Files</Filter>
    </Image>
    <Image Include="texture\TexturesCom_Metal_Corrugated_1K_roughness.png">
      <Filter>Resource Files</Filter>
    </Image>
    <Image Include="texture\TexturesCom_Metal_Corrugated_1K_normal.png">
      <Filter>Resource Files</Filter>
    </Image>
    <Image Include="texture\TexturesCom_Metal_Corrugated_1K_metallic.png">
      <Filter>Resource Files</Filter>
    </Image>
    <Image Include="texture\TexturesCom_Metal_Corrugated_1K_height.png">
      <Filter>Resource Files</Filter>
    </Image>
    <Image Include="texture\TexturesCom_Metal_Corrugated_1K_ao.png">
      <Filter>Resource Files</Filter>
    </Image>
    <Image Include="texture\TexturesCom_Metal_Corrugated_1K_albedo.png">
      <Filter>Resource Files</Filter>
    </Image>
  </ItemGroup>
</Project>